
Microsoft Visual Studio Solution File, Format Version 12.00
# Visual Studio Version 16
VisualStudioVersion = 16.0.31424.327
MinimumVisualStudioVersion = 10.0.40219.1
Project("{9A19103F-16F7-4668-BE54-9A1E7A4F7556}") = "DBLab", "Database\DBLab.csproj", "{AE5C62F3-ADC5-41CD-BD0E-F30B5B25C6DD}"
EndProject
Global
	GlobalSection(SolutionConfigurationPlatforms) = preSolution
		Debug|Any CPU = Debug|Any CPU
		Release|Any CPU = Release|Any CPU
	EndGlobalSection
	GlobalSection(ProjectConfigurationPlatforms) = postSolution
		{AE5C62F3-ADC5-41CD-BD0E-F30B5B25C6DD}.Debug|Any CPU.ActiveCfg = Debug|Any CPU
		{AE5C62F3-ADC5-41CD-BD0E-F30B5B25C6DD}.Debug|Any CPU.Build.0 = Debug|Any CPU
		{AE5C62F3-ADC5-41CD-BD0E-F30B5B25C6DD}.Release|Any CPU.ActiveCfg = Release|Any CPU
		{AE5C62F3-ADC5-41CD-BD0E-F30B5B25C6DD}.Release|Any CPU.Build.0 = Release|Any CPU
	EndGlobalSection
	GlobalSection(SolutionProperties) = preSolution
		HideSolutionNode = FALSE
	EndGlobalSection
	GlobalSection(ExtensibilityGlobals) = postSolution
		SolutionGuid = {88411289-E1E5-44A2-8346-65540BF04BD6}
	EndGlobalSection
EndGlobal
